
Microsoft Visual Studio Solution File, Format Version 12.00
Project("{FAE04EC0-301F-11D3-BF4B-00C04F79EFBC}") = "Domain", "src\Core\Domain\Domain.csproj", "{41E88BA7-A2A6-429B-B93D-99705C4804DE}"
EndProject
Project("{FAE04EC0-301F-11D3-BF4B-00C04F79EFBC}") = "Application", "src\Core\Application\Application.csproj", "{1A912436-A921-4326-A786-9E5F3CD1C4B6}"
EndProject
Project("{FAE04EC0-301F-11D3-BF4B-00C04F79EFBC}") = "Common", "src\Core\Common\Common.csproj", "{B702D050-0B92-4502-B213-3DDD36FBC39A}"
EndProject
Project("{FAE04EC0-301F-11D3-BF4B-00C04F79EFBC}") = "Infrastructure", "src\Infrastructure\Infrastructure.csproj", "{F17427F4-DB98-4B26-ACE7-E639E703D8F0}"
EndProject
Project("{FAE04EC0-301F-11D3-BF4B-00C04F79EFBC}") = "Domain.UnitTests", "tests\Domain.UnitTests\Domain.UnitTests.csproj", "{9338DD58-9E43-40E4-AC8D-7BC8BFDD6EAE}"
EndProject
Project("{FAE04EC0-301F-11D3-BF4B-00C04F79EFBC}") = "Application.UnitTests", "tests\Application.UnitTests\Application.UnitTests.csproj", "{9C3AE7E5-C068-4932-BA95-AA2D07C0710A}"
EndProject
Project("{FAE04EC0-301F-11D3-BF4B-00C04F79EFBC}") = "Application.IntegrationTests", "tests\Application.IntegrationTests\Application.IntegrationTests.csproj", "{C2050884-8E95-472B-939C-1DF34C131C2C}"
EndProject
Project("{FAE04EC0-301F-11D3-BF4B-00C04F79EFBC}") = "WebUI", "src\WebUI\WebUI.csproj", "{539CABC6-6878-43C3-BBB9-91A51D1EC08A}"
EndProject
Project("{FAE04EC0-301F-11D3-BF4B-00C04F79EFBC}") = "WebApi", "src\WebApi\WebApi.csproj", "{87D52FAF-10FF-4E07-823C-6EA65A815727}"
EndProject
Global
	GlobalSection(SolutionConfigurationPlatforms) = preSolution
		Debug|Any CPU = Debug|Any CPU
		Release|Any CPU = Release|Any CPU
	EndGlobalSection
	GlobalSection(ProjectConfigurationPlatforms) = postSolution
		{41E88BA7-A2A6-429B-B93D-99705C4804DE}.Debug|Any CPU.ActiveCfg = Debug|Any CPU
		{41E88BA7-A2A6-429B-B93D-99705C4804DE}.Debug|Any CPU.Build.0 = Debug|Any CPU
		{41E88BA7-A2A6-429B-B93D-99705C4804DE}.Release|Any CPU.ActiveCfg = Release|Any CPU
		{41E88BA7-A2A6-429B-B93D-99705C4804DE}.Release|Any CPU.Build.0 = Release|Any CPU
		{1A912436-A921-4326-A786-9E5F3CD1C4B6}.Debug|Any CPU.ActiveCfg = Debug|Any CPU
		{1A912436-A921-4326-A786-9E5F3CD1C4B6}.Debug|Any CPU.Build.0 = Debug|Any CPU
		{1A912436-A921-4326-A786-9E5F3CD1C4B6}.Release|Any CPU.ActiveCfg = Release|Any CPU
		{1A912436-A921-4326-A786-9E5F3CD1C4B6}.Release|Any CPU.Build.0 = Release|Any CPU
		{B702D050-0B92-4502-B213-3DDD36FBC39A}.Debug|Any CPU.ActiveCfg = Debug|Any CPU
		{B702D050-0B92-4502-B213-3DDD36FBC39A}.Debug|Any CPU.Build.0 = Debug|Any CPU
		{B702D050-0B92-4502-B213-3DDD36FBC39A}.Release|Any CPU.ActiveCfg = Release|Any CPU
		{B702D050-0B92-4502-B213-3DDD36FBC39A}.Release|Any CPU.Build.0 = Release|Any CPU
		{F17427F4-DB98-4B26-ACE7-E639E703D8F0}.Debug|Any CPU.ActiveCfg = Debug|Any CPU
		{F17427F4-DB98-4B26-ACE7-E639E703D8F0}.Debug|Any CPU.Build.0 = Debug|Any CPU
		{F17427F4-DB98-4B26-ACE7-E639E703D8F0}.Release|Any CPU.ActiveCfg = Release|Any CPU
		{F17427F4-DB98-4B26-ACE7-E639E703D8F0}.Release|Any CPU.Build.0 = Release|Any CPU
		{9338DD58-9E43-40E4-AC8D-7BC8BFDD6EAE}.Debug|Any CPU.ActiveCfg = Debug|Any CPU
		{9338DD58-9E43-40E4-AC8D-7BC8BFDD6EAE}.Debug|Any CPU.Build.0 = Debug|Any CPU
		{9338DD58-9E43-40E4-AC8D-7BC8BFDD6EAE}.Release|Any CPU.ActiveCfg = Release|Any CPU
		{9338DD58-9E43-40E4-AC8D-7BC8BFDD6EAE}.Release|Any CPU.Build.0 = Release|Any CPU
		{9C3AE7E5-C068-4932-BA95-AA2D07C0710A}.Debug|Any CPU.ActiveCfg = Debug|Any CPU
		{9C3AE7E5-C068-4932-BA95-AA2D07C0710A}.Debug|Any CPU.Build.0 = Debug|Any CPU
		{9C3AE7E5-C068-4932-BA95-AA2D07C0710A}.Release|Any CPU.ActiveCfg = Release|Any CPU
		{9C3AE7E5-C068-4932-BA95-AA2D07C0710A}.Release|Any CPU.Build.0 = Release|Any CPU
		{C2050884-8E95-472B-939C-1DF34C131C2C}.Debug|Any CPU.ActiveCfg = Debug|Any CPU
		{C2050884-8E95-472B-939C-1DF34C131C2C}.Debug|Any CPU.Build.0 = Debug|Any CPU
		{C2050884-8E95-472B-939C-1DF34C131C2C}.Release|Any CPU.ActiveCfg = Release|Any CPU
		{C2050884-8E95-472B-939C-1DF34C131C2C}.Release|Any CPU.Build.0 = Release|Any CPU
		{539CABC6-6878-43C3-BBB9-91A51D1EC08A}.Debug|Any CPU.ActiveCfg = Debug|Any CPU
		{539CABC6-6878-43C3-BBB9-91A51D1EC08A}.Debug|Any CPU.Build.0 = Debug|Any CPU
		{539CABC6-6878-43C3-BBB9-91A51D1EC08A}.Release|Any CPU.ActiveCfg = Release|Any CPU
		{539CABC6-6878-43C3-BBB9-91A51D1EC08A}.Release|Any CPU.Build.0 = Release|Any CPU
		{87D52FAF-10FF-4E07-823C-6EA65A815727}.Debug|Any CPU.ActiveCfg = Debug|Any CPU
		{87D52FAF-10FF-4E07-823C-6EA65A815727}.Debug|Any CPU.Build.0 = Debug|Any CPU
		{87D52FAF-10FF-4E07-823C-6EA65A815727}.Release|Any CPU.ActiveCfg = Release|Any CPU
		{87D52FAF-10FF-4E07-823C-6EA65A815727}.Release|Any CPU.Build.0 = Release|Any CPU
	EndGlobalSection
EndGlobal
